{
  "name": "miniprogram-2",
  "version": "1.0.0",
  "lockfileVersion": 1,
  "requires": true,
  "dependencies": {
    "lin-ui": {
      "version": "0.9.4",
      "resolved": "https://registry.npm.taobao.org/lin-ui/download/lin-ui-0.9.4.tgz",
      "integrity": "sha1-PzSWGAmqF11Jwy5CRPt9saRkGcw="
    },
    "wuss-weapp": {
      "version": "2.3.3",
      "resolved": "https://registry.nlark.com/wuss-weapp/download/wuss-weapp-2.3.3.tgz",
      "integrity": "sha1-IYH1bCuZpuLcpXpRGUZxkm3vuaI="
    },
    "wux-weapp": {
      "version": "3.8.8",
      "resolved": "https://registry.nlark.com/wux-weapp/download/wux-weapp-3.8.8.tgz",
      "integrity": "sha1-I+NAQkvyXz6neylVZG3nn9yno6A="
    }
  }
}
